
Microsoft Visual Studio Solution File, Format Version 12.00
# Visual Studio Version 16
VisualStudioVersion = 16.0.30114.105
MinimumVisualStudioVersion = 10.0.40219.1
Project("{FAE04EC0-301F-11D3-BF4B-00C04F79EFBC}") = "InvTestWebApp", "InvTestWebApp\InvTestWebApp.csproj", "{805EF556-2393-4862-8E53-F5FD87222422}"
EndProject
Global
	GlobalSection(SolutionConfigurationPlatforms) = preSolution
		Debug|Any CPU = Debug|Any CPU
		Release|Any CPU = Release|Any CPU
	EndGlobalSection
	GlobalSection(ProjectConfigurationPlatforms) = postSolution
		{805EF556-2393-4862-8E53-F5FD87222422}.Debug|Any CPU.ActiveCfg = Debug|Any CPU
		{805EF556-2393-4862-8E53-F5FD87222422}.Debug|Any CPU.Build.0 = Debug|Any CPU
		{805EF556-2393-4862-8E53-F5FD87222422}.Release|Any CPU.ActiveCfg = Release|Any CPU
		{805EF556-2393-4862-8E53-F5FD87222422}.Release|Any CPU.Build.0 = Release|Any CPU
	EndGlobalSection
	GlobalSection(SolutionProperties) = preSolution
		HideSolutionNode = FALSE
	EndGlobalSection
	GlobalSection(ExtensibilityGlobals) = postSolution
		SolutionGuid = {D434D747-1737-4ED6-8F08-07460546AB4B}
	EndGlobalSection
EndGlobal
